
Microsoft Visual Studio Solution File, Format Version 12.00
# Visual Studio Version 17
VisualStudioVersion = 17.9.34701.34
MinimumVisualStudioVersion = 10.0.40219.1
Project("{FAE04EC0-301F-11D3-BF4B-00C04F79EFBC}") = "Exercicio1", "Exercicio1\Exercicio1.csproj", "{B672A0AA-F708-43BD-95D2-22835E9AC223}"
EndProject
Global
	GlobalSection(SolutionConfigurationPlatforms) = preSolution
		Debug|Any CPU = Debug|Any CPU
		Release|Any CPU = Release|Any CPU
	EndGlobalSection
	GlobalSection(ProjectConfigurationPlatforms) = postSolution
		{B672A0AA-F708-43BD-95D2-22835E9AC223}.Debug|Any CPU.ActiveCfg = Debug|Any CPU
		{B672A0AA-F708-43BD-95D2-22835E9AC223}.Debug|Any CPU.Build.0 = Debug|Any CPU
		{B672A0AA-F708-43BD-95D2-22835E9AC223}.Release|Any CPU.ActiveCfg = Release|Any CPU
		{B672A0AA-F708-43BD-95D2-22835E9AC223}.Release|Any CPU.Build.0 = Release|Any CPU
	EndGlobalSection
	GlobalSection(SolutionProperties) = preSolution
		HideSolutionNode = FALSE
	EndGlobalSection
	GlobalSection(ExtensibilityGlobals) = postSolution
		SolutionGuid = {F89E7792-9324-4678-A39C-E6CC948CB923}
	EndGlobalSection
EndGlobal
